// !$*UTF8*$!
{
	archiveVersion = 1;
	classes = {
	};
	objectVersion = 77;
	objects = {

/* Begin PBXBuildFile section */
		8FE6BD9F2ECC26B30025D328 /* ContentView.swift in Sources */ = {isa = PBXBuildFile; fileRef = 8FE6BD8C2ECC26B30025D328 /* ContentView.swift */; };
		8FE6BDA02ECC26B30025D328 /* ReMindApp.swift in Sources */ = {isa = PBXBuildFile; fileRef = 8FE6BD952ECC26B30025D328 /* ReMindApp.swift */; };
		8FE6BDA12ECC26B30025D328 /* TimerModel.swift in Sources */ = {isa = PBXBuildFile; fileRef = 8FE6BD8F2ECC26B30025D328 /* TimerModel.swift */; };
		8FE6BDAB2ECC28CF0025D328 /* LiquidGlassModifier.swift in Sources */ = {isa = PBXBuildFile; fileRef = 8FE6BDA52ECC28560025D328 /* LiquidGlassModifier.swift */; };
		8FE6BDAC2ECC28CF0025D328 /* TimerCardView.swift in Sources */ = {isa = PBXBuildFile; fileRef = 8FE6BDA62ECC28560025D328 /* TimerCardView.swift */; };
		8FE6BDAD2ECC28D40025D328 /* TimerManager.swift in Sources */ = {isa = PBXBuildFile; fileRef = 8FE6BDA32ECC28350025D328 /* TimerManager.swift */; };
		8FE6BDAF2ECC2D070025D328 /* InfoView.swift in Sources */ = {isa = PBXBuildFile; fileRef = 8FE6BDAE2ECC2D070025D328 /* InfoView.swift */; };
		8FE6BDB12ECC32DA0025D328 /* DeletableTimerCard.swift in Sources */ = {isa = PBXBuildFile; fileRef = 8FE6BDB02ECC32DA0025D328 /* DeletableTimerCard.swift */; };
		8FE6BDB42ECC3C0E0025D328 /* Assets.xcassets in Resources */ = {isa = PBXBuildFile; fileRef = 8FE6BDB32ECC3C0E0025D328 /* Assets.xcassets */; };
		8FE6BDB62ECC3C250025D328 /* AppIcon.png in Resources */ = {isa = PBXBuildFile; fileRef = 8FE6BDB52ECC3C250025D328 /* AppIcon.png */; };
/* End PBXBuildFile section */

/* Begin PBXFileReference section */
		8FE6BD7D2ECC26500025D328 /* remind.app */ = {isa = PBXFileReference; explicitFileType = wrapper.application; includeInIndex = 0; path = remind.app; sourceTree = BUILT_PRODUCTS_DIR; };
		8FE6BD8B2ECC26B30025D328 /* CODE_EXAMPLES.md */ = {isa = PBXFileReference; lastKnownFileType = net.daringfireball.markdown; path = CODE_EXAMPLES.md; sourceTree = "<group>"; };
		8FE6BD8C2ECC26B30025D328 /* ContentView.swift */ = {isa = PBXFileReference; lastKnownFileType = sourcecode.swift; path = ContentView.swift; sourceTree = "<group>"; };
		8FE6BD8D2ECC26B30025D328 /* FEATURES.md */ = {isa = PBXFileReference; lastKnownFileType = net.daringfireball.markdown; path = FEATURES.md; sourceTree = "<group>"; };
		8FE6BD8E2ECC26B30025D328 /* Info.plist */ = {isa = PBXFileReference; lastKnownFileType = text.plist.xml; path = Info.plist; sourceTree = "<group>"; };
		8FE6BD8F2ECC26B30025D328 /* TimerModel.swift */ = {isa = PBXFileReference; lastKnownFileType = sourcecode.swift; path = TimerModel.swift; sourceTree = "<group>"; };
		8FE6BD922ECC26B30025D328 /* PROJECT_SUMMARY.md */ = {isa = PBXFileReference; lastKnownFileType = net.daringfireball.markdown; path = PROJECT_SUMMARY.md; sourceTree = "<group>"; };
		8FE6BD932ECC26B30025D328 /* README.md */ = {isa = PBXFileReference; lastKnownFileType = net.daringfireball.markdown; path = README.md; sourceTree = "<group>"; };
		8FE6BD942ECC26B30025D328 /* remind.xcodeproj */ = {isa = PBXFileReference; lastKnownFileType = "wrapper.pb-project"; path = remind.xcodeproj; sourceTree = "<group>"; };
		8FE6BD952ECC26B30025D328 /* ReMindApp.swift */ = {isa = PBXFileReference; lastKnownFileType = sourcecode.swift; path = ReMindApp.swift; sourceTree = "<group>"; };
		8FE6BD962ECC26B30025D328 /* SETUP_GUIDE.md */ = {isa = PBXFileReference; lastKnownFileType = net.daringfireball.markdown; path = SETUP_GUIDE.md; sourceTree = "<group>"; };
		8FE6BDA32ECC28350025D328 /* TimerManager.swift */ = {isa = PBXFileReference; lastKnownFileType = sourcecode.swift; path = TimerManager.swift; sourceTree = "<group>"; };
		8FE6BDA52ECC28560025D328 /* LiquidGlassModifier.swift */ = {isa = PBXFileReference; lastKnownFileType = sourcecode.swift; path = LiquidGlassModifier.swift; sourceTree = "<group>"; };
		8FE6BDA62ECC28560025D328 /* TimerCardView.swift */ = {isa = PBXFileReference; lastKnownFileType = sourcecode.swift; path = TimerCardView.swift; sourceTree = "<group>"; };
		8FE6BDAE2ECC2D070025D328 /* InfoView.swift */ = {isa = PBXFileReference; lastKnownFileType = sourcecode.swift; path = InfoView.swift; sourceTree = "<group>"; };
		8FE6BDB02ECC32DA0025D328 /* DeletableTimerCard.swift */ = {isa = PBXFileReference; lastKnownFileType = sourcecode.swift; path = DeletableTimerCard.swift; sourceTree = "<group>"; };
		8FE6BDB22ECC36EC0025D328 /* remind.entitlements */ = {isa = PBXFileReference; lastKnownFileType = text.plist.entitlements; path = remind.entitlements; sourceTree = "<group>"; };
		8FE6BDB32ECC3C0E0025D328 /* Assets.xcassets */ = {isa = PBXFileReference; lastKnownFileType = folder.assetcatalog; path = Assets.xcassets; sourceTree = "<group>"; };
		8FE6BDB52ECC3C250025D328 /* AppIcon.png */ = {isa = PBXFileReference; lastKnownFileType = image.png; path = AppIcon.png; sourceTree = "<group>"; };
/* End PBXFileReference section */

/* Begin PBXFrameworksBuildPhase section */
		8FE6BD7A2ECC26500025D328 /* Frameworks */ = {
			isa = PBXFrameworksBuildPhase;
			buildActionMask = 2147483647;
			files = (
			);
			runOnlyForDeploymentPostprocessing = 0;
		};
/* End PBXFrameworksBuildPhase section */

/* Begin PBXGroup section */
		8FE6BD742ECC26500025D328 = {
			isa = PBXGroup;
			children = (
				8FE6BDB32ECC3C0E0025D328 /* Assets.xcassets */,
				8FE6BDB52ECC3C250025D328 /* AppIcon.png */,
				8FE6BDB22ECC36EC0025D328 /* remind.entitlements */,
				8FE6BD8B2ECC26B30025D328 /* CODE_EXAMPLES.md */,
				8FE6BD8C2ECC26B30025D328 /* ContentView.swift */,
				8FE6BDA82ECC28560025D328 /* Views */,
				8FE6BDA42ECC28350025D328 /* ViewModels */,
				8FE6BD8D2ECC26B30025D328 /* FEATURES.md */,
				8FE6BD8E2ECC26B30025D328 /* Info.plist */,
				8FE6BD902ECC26B30025D328 /* Models */,
				8FE6BD922ECC26B30025D328 /* PROJECT_SUMMARY.md */,
				8FE6BD932ECC26B30025D328 /* README.md */,
				8FE6BD942ECC26B30025D328 /* remind.xcodeproj */,
				8FE6BD952ECC26B30025D328 /* ReMindApp.swift */,
				8FE6BD962ECC26B30025D328 /* SETUP_GUIDE.md */,
				8FE6BD7E2ECC26500025D328 /* Products */,
			);
			sourceTree = "<group>";
		};
		8FE6BD7E2ECC26500025D328 /* Products */ = {
			isa = PBXGroup;
			children = (
				8FE6BD7D2ECC26500025D328 /* remind.app */,
			);
			name = Products;
			sourceTree = "<group>";
		};
		8FE6BD902ECC26B30025D328 /* Models */ = {
			isa = PBXGroup;
			children = (
				8FE6BD8F2ECC26B30025D328 /* TimerModel.swift */,
			);
			path = Models;
			sourceTree = "<group>";
		};
		8FE6BD972ECC26B30025D328 /* Products */ = {
			isa = PBXGroup;
			name = Products;
			sourceTree = "<group>";
		};
		8FE6BDA42ECC28350025D328 /* ViewModels */ = {
			isa = PBXGroup;
			children = (
				8FE6BDA32ECC28350025D328 /* TimerManager.swift */,
			);
			path = ViewModels;
			sourceTree = "<group>";
		};
		8FE6BDA82ECC28560025D328 /* Views */ = {
			isa = PBXGroup;
			children = (
				8FE6BDB02ECC32DA0025D328 /* DeletableTimerCard.swift */,
				8FE6BDAE2ECC2D070025D328 /* InfoView.swift */,
				8FE6BDA52ECC28560025D328 /* LiquidGlassModifier.swift */,
				8FE6BDA62ECC28560025D328 /* TimerCardView.swift */,
			);
			path = Views;
			sourceTree = "<group>";
		};
/* End PBXGroup section */

/* Begin PBXNativeTarget section */
		8FE6BD7C2ECC26500025D328 /* remind */ = {
			isa = PBXNativeTarget;
			buildConfigurationList = 8FE6BD882ECC26510025D328 /* Build configuration list for PBXNativeTarget "remind" */;
			buildPhases = (
				8FE6BD792ECC26500025D328 /* Sources */,
				8FE6BD7A2ECC26500025D328 /* Frameworks */,
				8FE6BD7B2ECC26500025D328 /* Resources */,
			);
			buildRules = (
			);
			dependencies = (
			);
			name = remind;
			packageProductDependencies = (
			);
			productName = remind;
			productReference = 8FE6BD7D2ECC26500025D328 /* remind.app */;
			productType = "com.apple.product-type.application";
		};
/* End PBXNativeTarget section */

/* Begin PBXProject section */
		8FE6BD752ECC26500025D328 /* Project object */ = {
			isa = PBXProject;
			attributes = {
				BuildIndependentTargetsInParallel = 1;
				LastSwiftUpdateCheck = 2610;
				LastUpgradeCheck = 2610;
				TargetAttributes = {
					8FE6BD7C2ECC26500025D328 = {
						CreatedOnToolsVersion = 26.1.1;
					};
				};
			};
			buildConfigurationList = 8FE6BD782ECC26500025D328 /* Build configuration list for PBXProject "remind" */;
			developmentRegion = en;
			hasScannedForEncodings = 0;
			knownRegions = (
				en,
				Base,
			);
			mainGroup = 8FE6BD742ECC26500025D328;
			minimizedProjectReferenceProxies = 1;
			preferredProjectObjectVersion = 77;
			productRefGroup = 8FE6BD7E2ECC26500025D328 /* Products */;
			projectDirPath = "";
			projectReferences = (
				{
					ProductGroup = 8FE6BD972ECC26B30025D328 /* Products */;
					ProjectRef = 8FE6BD942ECC26B30025D328 /* remind.xcodeproj */;
				},
			);
			projectRoot = "";
			targets = (
				8FE6BD7C2ECC26500025D328 /* remind */,
			);
		};
/* End PBXProject section */

/* Begin PBXResourcesBuildPhase section */
		8FE6BD7B2ECC26500025D328 /* Resources */ = {
			isa = PBXResourcesBuildPhase;
			buildActionMask = 2147483647;
			files = (
				8FE6BDB62ECC3C250025D328 /* AppIcon.png in Resources */,
				8FE6BDB42ECC3C0E0025D328 /* Assets.xcassets in Resources */,
			);
			runOnlyForDeploymentPostprocessing = 0;
		};
/* End PBXResourcesBuildPhase section */

/* Begin PBXSourcesBuildPhase section */
		8FE6BD792ECC26500025D328 /* Sources */ = {
			isa = PBXSourcesBuildPhase;
			buildActionMask = 2147483647;
			files = (
				8FE6BDB12ECC32DA0025D328 /* DeletableTimerCard.swift in Sources */,
				8FE6BDAB2ECC28CF0025D328 /* LiquidGlassModifier.swift in Sources */,
				8FE6BDAC2ECC28CF0025D328 /* TimerCardView.swift in Sources */,
				8FE6BD9F2ECC26B30025D328 /* ContentView.swift in Sources */,
				8FE6BDA02ECC26B30025D328 /* ReMindApp.swift in Sources */,
				8FE6BDAD2ECC28D40025D328 /* TimerManager.swift in Sources */,
				8FE6BDA12ECC26B30025D328 /* TimerModel.swift in Sources */,
				8FE6BDAF2ECC2D070025D328 /* InfoView.swift in Sources */,
			);
			runOnlyForDeploymentPostprocessing = 0;
		};
/* End PBXSourcesBuildPhase section */

/* Begin XCBuildConfiguration section */
		8FE6BD862ECC26510025D328 /* Debug */ = {
			isa = XCBuildConfiguration;
			buildSettings = {
				ALWAYS_SEARCH_USER_PATHS = NO;
				ASSETCATALOG_COMPILER_GENERATE_SWIFT_ASSET_SYMBOL_EXTENSIONS = YES;
				CLANG_ANALYZER_NONNULL = YES;
				CLANG_ANALYZER_NUMBER_OBJECT_CONVERSION = YES_AGGRESSIVE;
				CLANG_CXX_LANGUAGE_STANDARD = "gnu++20";
				CLANG_ENABLE_MODULES = YES;
				CLANG_ENABLE_OBJC_ARC = YES;
				CLANG_ENABLE_OBJC_WEAK = YES;
				CLANG_WARN_BLOCK_CAPTURE_AUTORELEASING = YES;
				CLANG_WARN_BOOL_CONVERSION = YES;
				CLANG_WARN_COMMA = YES;
				CLANG_WARN_CONSTANT_CONVERSION = YES;
				CLANG_WARN_DEPRECATED_OBJC_IMPLEMENTATIONS = YES;
				CLANG_WARN_DIRECT_OBJC_ISA_USAGE = YES_ERROR;
				CLANG_WARN_DOCUMENTATION_COMMENTS = YES;
				CLANG_WARN_EMPTY_BODY = YES;
				CLANG_WARN_ENUM_CONVERSION = YES;
				CLANG_WARN_INFINITE_RECURSION = YES;
				CLANG_WARN_INT_CONVERSION = YES;
				CLANG_WARN_NON_LITERAL_NULL_CONVERSION = YES;
				CLANG_WARN_OBJC_IMPLICIT_RETAIN_SELF = YES;
				CLANG_WARN_OBJC_LITERAL_CONVERSION = YES;
				CLANG_WARN_OBJC_ROOT_CLASS = YES_ERROR;
				CLANG_WARN_QUOTED_INCLUDE_IN_FRAMEWORK_HEADER = YES;
				CLANG_WARN_RANGE_LOOP_ANALYSIS = YES;
				CLANG_WARN_STRICT_PROTOTYPES = YES;
				CLANG_WARN_SUSPICIOUS_MOVE = YES;
				CLANG_WARN_UNGUARDED_AVAILABILITY = YES_AGGRESSIVE;
				CLANG_WARN_UNREACHABLE_CODE = YES;
				CLANG_WARN__DUPLICATE_METHOD_MATCH = YES;
				COPY_PHASE_STRIP = NO;
				DEBUG_INFORMATION_FORMAT = dwarf;
				DEVELOPMENT_TEAM = QYL9UPA3HX;
				ENABLE_STRICT_OBJC_MSGSEND = YES;
				ENABLE_TESTABILITY = YES;
				ENABLE_USER_SCRIPT_SANDBOXING = YES;
				GCC_C_LANGUAGE_STANDARD = gnu17;
				GCC_DYNAMIC_NO_PIC = NO;
				GCC_NO_COMMON_BLOCKS = YES;
				GCC_OPTIMIZATION_LEVEL = 0;
				GCC_PREPROCESSOR_DEFINITIONS = (
					"DEBUG=1",
					"$(inherited)",
				);
				GCC_WARN_64_TO_32_BIT_CONVERSION = YES;
				GCC_WARN_ABOUT_RETURN_TYPE = YES_ERROR;
				GCC_WARN_UNDECLARED_SELECTOR = YES;
				GCC_WARN_UNINITIALIZED_AUTOS = YES_AGGRESSIVE;
				GCC_WARN_UNUSED_FUNCTION = YES;
				GCC_WARN_UNUSED_VARIABLE = YES;
				LOCALIZATION_PREFERS_STRING_CATALOGS = YES;
				MTL_ENABLE_DEBUG_INFO = INCLUDE_SOURCE;
				MTL_FAST_MATH = YES;
				ONLY_ACTIVE_ARCH = YES;
				SWIFT_ACTIVE_COMPILATION_CONDITIONS = "DEBUG $(inherited)";
				SWIFT_OPTIMIZATION_LEVEL = "-Onone";
			};
			name = Debug;
		};
		8FE6BD872ECC26510025D328 /* Release */ = {
			isa = XCBuildConfiguration;
			buildSettings = {
				ALWAYS_SEARCH_USER_PATHS = NO;
				ASSETCATALOG_COMPILER_GENERATE_SWIFT_ASSET_SYMBOL_EXTENSIONS = YES;
				CLANG_ANALYZER_NONNULL = YES;
				CLANG_ANALYZER_NUMBER_OBJECT_CONVERSION = YES_AGGRESSIVE;
				CLANG_CXX_LANGUAGE_STANDARD = "gnu++20";
				CLANG_ENABLE_MODULES = YES;
				CLANG_ENABLE_OBJC_ARC = YES;
				CLANG_ENABLE_OBJC_WEAK = YES;
				CLANG_WARN_BLOCK_CAPTURE_AUTORELEASING = YES;
				CLANG_WARN_BOOL_CONVERSION = YES;
				CLANG_WARN_COMMA = YES;
				CLANG_WARN_CONSTANT_CONVERSION = YES;
				CLANG_WARN_DEPRECATED_OBJC_IMPLEMENTATIONS = YES;
				CLANG_WARN_DIRECT_OBJC_ISA_USAGE = YES_ERROR;
				CLANG_WARN_DOCUMENTATION_COMMENTS = YES;
				CLANG_WARN_EMPTY_BODY = YES;
				CLANG_WARN_ENUM_CONVERSION = YES;
				CLANG_WARN_INFINITE_RECURSION = YES;
				CLANG_WARN_INT_CONVERSION = YES;
				CLANG_WARN_NON_LITERAL_NULL_CONVERSION = YES;
				CLANG_WARN_OBJC_IMPLICIT_RETAIN_SELF = YES;
				CLANG_WARN_OBJC_LITERAL_CONVERSION = YES;
				CLANG_WARN_OBJC_ROOT_CLASS = YES_ERROR;
				CLANG_WARN_QUOTED_INCLUDE_IN_FRAMEWORK_HEADER = YES;
				CLANG_WARN_RANGE_LOOP_ANALYSIS = YES;
				CLANG_WARN_STRICT_PROTOTYPES = YES;
				CLANG_WARN_SUSPICIOUS_MOVE = YES;
				CLANG_WARN_UNGUARDED_AVAILABILITY = YES_AGGRESSIVE;
				CLANG_WARN_UNREACHABLE_CODE = YES;
				CLANG_WARN__DUPLICATE_METHOD_MATCH = YES;
				COPY_PHASE_STRIP = NO;
				DEBUG_INFORMATION_FORMAT = "dwarf-with-dsym";
				DEVELOPMENT_TEAM = QYL9UPA3HX;
				ENABLE_NS_ASSERTIONS = NO;
				ENABLE_STRICT_OBJC_MSGSEND = YES;
				ENABLE_USER_SCRIPT_SANDBOXING = YES;
				GCC_C_LANGUAGE_STANDARD = gnu17;
				GCC_NO_COMMON_BLOCKS = YES;
				GCC_WARN_64_TO_32_BIT_CONVERSION = YES;
				GCC_WARN_ABOUT_RETURN_TYPE = YES_ERROR;
				GCC_WARN_UNDECLARED_SELECTOR = YES;
				GCC_WARN_UNINITIALIZED_AUTOS = YES_AGGRESSIVE;
				GCC_WARN_UNUSED_FUNCTION = YES;
				GCC_WARN_UNUSED_VARIABLE = YES;
				LOCALIZATION_PREFERS_STRING_CATALOGS = YES;
				MTL_ENABLE_DEBUG_INFO = NO;
				MTL_FAST_MATH = YES;
				SWIFT_COMPILATION_MODE = wholemodule;
			};
			name = Release;
		};
		8FE6BD892ECC26510025D328 /* Debug */ = {
			isa = XCBuildConfiguration;
			buildSettings = {
				ASSETCATALOG_COMPILER_APPICON_NAME = AppIcon;
				ASSETCATALOG_COMPILER_GLOBAL_ACCENT_COLOR_NAME = AccentColor;
				CODE_SIGN_ENTITLEMENTS = remind.entitlements;
				CODE_SIGN_STYLE = Automatic;
				CURRENT_PROJECT_VERSION = 1;
				DEVELOPMENT_TEAM = QYL9UPA3HX;
				ENABLE_APP_SANDBOX = YES;
				ENABLE_HARDENED_RUNTIME = YES;
				ENABLE_PREVIEWS = YES;
				ENABLE_USER_SELECTED_FILES = readonly;
				GENERATE_INFOPLIST_FILE = YES;
				INFOPLIST_KEY_CFBundleDisplayName = Remind;
				INFOPLIST_KEY_LSApplicationCategoryType = "public.app-category.utilities";
				"INFOPLIST_KEY_UIApplicationSceneManifest_Generation[sdk=iphoneos*]" = YES;
				"INFOPLIST_KEY_UIApplicationSceneManifest_Generation[sdk=iphonesimulator*]" = YES;
				"INFOPLIST_KEY_UIApplicationSupportsIndirectInputEvents[sdk=iphoneos*]" = YES;
				"INFOPLIST_KEY_UIApplicationSupportsIndirectInputEvents[sdk=iphonesimulator*]" = YES;
				"INFOPLIST_KEY_UILaunchScreen_Generation[sdk=iphoneos*]" = YES;
				"INFOPLIST_KEY_UILaunchScreen_Generation[sdk=iphonesimulator*]" = YES;
				"INFOPLIST_KEY_UIStatusBarStyle[sdk=iphoneos*]" = UIStatusBarStyleDefault;
				"INFOPLIST_KEY_UIStatusBarStyle[sdk=iphonesimulator*]" = UIStatusBarStyleDefault;
				INFOPLIST_KEY_UISupportedInterfaceOrientations_iPad = "UIInterfaceOrientationPortrait UIInterfaceOrientationPortraitUpsideDown UIInterfaceOrientationLandscapeLeft UIInterfaceOrientationLandscapeRight";
				INFOPLIST_KEY_UISupportedInterfaceOrientations_iPhone = "UIInterfaceOrientationPortrait UIInterfaceOrientationLandscapeLeft UIInterfaceOrientationLandscapeRight";
				IPHONEOS_DEPLOYMENT_TARGET = 17.6;
				LD_RUNPATH_SEARCH_PATHS = "@executable_path/Frameworks";
				"LD_RUNPATH_SEARCH_PATHS[sdk=macosx*]" = "@executable_path/../Frameworks";
				MACOSX_DEPLOYMENT_TARGET = 26.1;
				MARKETING_VERSION = 1.1;
				PRODUCT_BUNDLE_IDENTIFIER = com.mind.remind;
				PRODUCT_NAME = "$(TARGET_NAME)";
				REGISTER_APP_GROUPS = YES;
				SDKROOT = auto;
				STRING_CATALOG_GENERATE_SYMBOLS = YES;
				SUPPORTED_PLATFORMS = "iphoneos iphonesimulator macosx xros xrsimulator";
				SWIFT_APPROACHABLE_CONCURRENCY = YES;
				SWIFT_DEFAULT_ACTOR_ISOLATION = MainActor;
				SWIFT_EMIT_LOC_STRINGS = YES;
				SWIFT_UPCOMING_FEATURE_MEMBER_IMPORT_VISIBILITY = YES;
				SWIFT_VERSION = 5.0;
				TARGETED_DEVICE_FAMILY = "1,2,7";
				XROS_DEPLOYMENT_TARGET = 26.1;
			};
			name = Debug;
		};
		8FE6BD8A2ECC26510025D328 /* Release */ = {
			isa = XCBuildConfiguration;
			buildSettings = {
				ASSETCATALOG_COMPILER_APPICON_NAME = AppIcon;
				ASSETCATALOG_COMPILER_GLOBAL_ACCENT_COLOR_NAME = AccentColor;
				CODE_SIGN_ENTITLEMENTS = remind.entitlements;
				CODE_SIGN_STYLE = Automatic;
				CURRENT_PROJECT_VERSION = 1;
				DEVELOPMENT_TEAM = QYL9UPA3HX;
				ENABLE_APP_SANDBOX = YES;
				ENABLE_HARDENED_RUNTIME = YES;
				ENABLE_PREVIEWS = YES;
				ENABLE_USER_SELECTED_FILES = readonly;
				GENERATE_INFOPLIST_FILE = YES;
				INFOPLIST_KEY_CFBundleDisplayName = Remind;
				INFOPLIST_KEY_LSApplicationCategoryType = "public.app-category.utilities";
				"INFOPLIST_KEY_UIApplicationSceneManifest_Generation[sdk=iphoneos*]" = YES;
				"INFOPLIST_KEY_UIApplicationSceneManifest_Generation[sdk=iphonesimulator*]" = YES;
				"INFOPLIST_KEY_UIApplicationSupportsIndirectInputEvents[sdk=iphoneos*]" = YES;
				"INFOPLIST_KEY_UIApplicationSupportsIndirectInputEvents[sdk=iphonesimulator*]" = YES;
				"INFOPLIST_KEY_UILaunchScreen_Generation[sdk=iphoneos*]" = YES;
				"INFOPLIST_KEY_UILaunchScreen_Generation[sdk=iphonesimulator*]" = YES;
				"INFOPLIST_KEY_UIStatusBarStyle[sdk=iphoneos*]" = UIStatusBarStyleDefault;
				"INFOPLIST_KEY_UIStatusBarStyle[sdk=iphonesimulator*]" = UIStatusBarStyleDefault;
				INFOPLIST_KEY_UISupportedInterfaceOrientations_iPad = "UIInterfaceOrientationPortrait UIInterfaceOrientationPortraitUpsideDown UIInterfaceOrientationLandscapeLeft UIInterfaceOrientationLandscapeRight";
				INFOPLIST_KEY_UISupportedInterfaceOrientations_iPhone = "UIInterfaceOrientationPortrait UIInterfaceOrientationLandscapeLeft UIInterfaceOrientationLandscapeRight";
				IPHONEOS_DEPLOYMENT_TARGET = 17.6;
				LD_RUNPATH_SEARCH_PATHS = "@executable_path/Frameworks";
				"LD_RUNPATH_SEARCH_PATHS[sdk=macosx*]" = "@executable_path/../Frameworks";
				MACOSX_DEPLOYMENT_TARGET = 26.1;
				MARKETING_VERSION = 1.1;
				PRODUCT_BUNDLE_IDENTIFIER = com.mind.remind;
				PRODUCT_NAME = "$(TARGET_NAME)";
				REGISTER_APP_GROUPS = YES;
				SDKROOT = auto;
				STRING_CATALOG_GENERATE_SYMBOLS = YES;
				SUPPORTED_PLATFORMS = "iphoneos iphonesimulator macosx xros xrsimulator";
				SWIFT_APPROACHABLE_CONCURRENCY = YES;
				SWIFT_DEFAULT_ACTOR_ISOLATION = MainActor;
				SWIFT_EMIT_LOC_STRINGS = YES;
				SWIFT_UPCOMING_FEATURE_MEMBER_IMPORT_VISIBILITY = YES;
				SWIFT_VERSION = 5.0;
				TARGETED_DEVICE_FAMILY = "1,2,7";
				XROS_DEPLOYMENT_TARGET = 26.1;
			};
			name = Release;
		};
/* End XCBuildConfiguration section */

/* Begin XCConfigurationList section */
		8FE6BD782ECC26500025D328 /* Build configuration list for PBXProject "remind" */ = {
			isa = XCConfigurationList;
			buildConfigurations = (
				8FE6BD862ECC26510025D328 /* Debug */,
				8FE6BD872ECC26510025D328 /* Release */,
			);
			defaultConfigurationIsVisible = 0;
			defaultConfigurationName = Release;
		};
		8FE6BD882ECC26510025D328 /* Build configuration list for PBXNativeTarget "remind" */ = {
			isa = XCConfigurationList;
			buildConfigurations = (
				8FE6BD892ECC26510025D328 /* Debug */,
				8FE6BD8A2ECC26510025D328 /* Release */,
			);
			defaultConfigurationIsVisible = 0;
			defaultConfigurationName = Release;
		};
/* End XCConfigurationList section */
	};
	rootObject = 8FE6BD752ECC26500025D328 /* Project object */;
}
